
Microsoft Visual Studio Solution File, Format Version 12.00
# Visual Studio Version 16
VisualStudioVersion = 25.0.1703.3
MinimumVisualStudioVersion = 10.0.40219.1
Project("{FAE04EC0-301F-11D3-BF4B-00C04F79EFBC}") = "MethodExercise", "MethodExercise\MethodExercise.csproj", "{968A80DE-6A94-4575-AB8C-E8096EAE3319}"
EndProject
Global
	GlobalSection(SolutionConfigurationPlatforms) = preSolution
		Debug|Any CPU = Debug|Any CPU
		Release|Any CPU = Release|Any CPU
	EndGlobalSection
	GlobalSection(ProjectConfigurationPlatforms) = postSolution
		{968A80DE-6A94-4575-AB8C-E8096EAE3319}.Debug|Any CPU.ActiveCfg = Debug|Any CPU
		{968A80DE-6A94-4575-AB8C-E8096EAE3319}.Debug|Any CPU.Build.0 = Debug|Any CPU
		{968A80DE-6A94-4575-AB8C-E8096EAE3319}.Release|Any CPU.ActiveCfg = Release|Any CPU
		{968A80DE-6A94-4575-AB8C-E8096EAE3319}.Release|Any CPU.Build.0 = Release|Any CPU
	EndGlobalSection
	GlobalSection(SolutionProperties) = preSolution
		HideSolutionNode = FALSE
	EndGlobalSection
	GlobalSection(ExtensibilityGlobals) = postSolution
		SolutionGuid = {7F9E27DC-E381-4460-97E6-8AE56D53D4E7}
	EndGlobalSection
EndGlobal
